
Microsoft Visual Studio Solution File, Format Version 12.00
# Visual Studio Version 16
VisualStudioVersion = 16.0.29920.165
MinimumVisualStudioVersion = 10.0.40219.1
Project("{FAE04EC0-301F-11D3-BF4B-00C04F79EFBC}") = "MyLib.Nuget", "MyLib.Nuget\MyLib.Nuget.csproj", "{46DBAB89-419D-431E-A9E0-DAFC17BE66E8}"
EndProject
Project("{FAE04EC0-301F-11D3-BF4B-00C04F79EFBC}") = "MyLib.Nuget.Corporate", "MyLib.Nuget.Corporate\MyLib.Nuget.Corporate.csproj", "{FB5EF022-131D-4C55-B8BD-438C1D71FE2D}"
EndProject
Project("{FAE04EC0-301F-11D3-BF4B-00C04F79EFBC}") = "TestFeed-Console", "TestFeed-Console\TestFeed-Console.csproj", "{82E3FB3E-6D90-44DB-920B-D482D6A069E6}"
EndProject
Global
	GlobalSection(SolutionConfigurationPlatforms) = preSolution
		Debug|Any CPU = Debug|Any CPU
		Release|Any CPU = Release|Any CPU
	EndGlobalSection
	GlobalSection(ProjectConfigurationPlatforms) = postSolution
		{46DBAB89-419D-431E-A9E0-DAFC17BE66E8}.Debug|Any CPU.ActiveCfg = Debug|Any CPU
		{46DBAB89-419D-431E-A9E0-DAFC17BE66E8}.Debug|Any CPU.Build.0 = Debug|Any CPU
		{46DBAB89-419D-431E-A9E0-DAFC17BE66E8}.Release|Any CPU.ActiveCfg = Release|Any CPU
		{46DBAB89-419D-431E-A9E0-DAFC17BE66E8}.Release|Any CPU.Build.0 = Release|Any CPU
		{FB5EF022-131D-4C55-B8BD-438C1D71FE2D}.Debug|Any CPU.ActiveCfg = Debug|Any CPU
		{FB5EF022-131D-4C55-B8BD-438C1D71FE2D}.Debug|Any CPU.Build.0 = Debug|Any CPU
		{FB5EF022-131D-4C55-B8BD-438C1D71FE2D}.Release|Any CPU.ActiveCfg = Release|Any CPU
		{FB5EF022-131D-4C55-B8BD-438C1D71FE2D}.Release|Any CPU.Build.0 = Release|Any CPU
		{82E3FB3E-6D90-44DB-920B-D482D6A069E6}.Debug|Any CPU.ActiveCfg = Debug|Any CPU
		{82E3FB3E-6D90-44DB-920B-D482D6A069E6}.Debug|Any CPU.Build.0 = Debug|Any CPU
		{82E3FB3E-6D90-44DB-920B-D482D6A069E6}.Release|Any CPU.ActiveCfg = Release|Any CPU
		{82E3FB3E-6D90-44DB-920B-D482D6A069E6}.Release|Any CPU.Build.0 = Release|Any CPU
	EndGlobalSection
	GlobalSection(SolutionProperties) = preSolution
		HideSolutionNode = FALSE
	EndGlobalSection
	GlobalSection(ExtensibilityGlobals) = postSolution
		SolutionGuid = {7DD12485-6563-442B-B311-7A014F6A59EE}
	EndGlobalSection
EndGlobal
